
Microsoft Visual Studio Solution File, Format Version 12.00
# Visual Studio Version 16
VisualStudioVersion = 16.0.32510.428
MinimumVisualStudioVersion = 10.0.40219.1
Project("{FAE04EC0-301F-11D3-BF4B-00C04F79EFBC}") = "LESTOMA-DASHBOARD", "LESTOMA-DASHBOARD\LESTOMA-DASHBOARD.csproj", "{95851C08-76D1-4345-A065-9A375765292C}"
EndProject
Global
	GlobalSection(SolutionConfigurationPlatforms) = preSolution
		Debug|Any CPU = Debug|Any CPU
		Release|Any CPU = Release|Any CPU
	EndGlobalSection
	GlobalSection(ProjectConfigurationPlatforms) = postSolution
		{95851C08-76D1-4345-A065-9A375765292C}.Debug|Any CPU.ActiveCfg = Debug|Any CPU
		{95851C08-76D1-4345-A065-9A375765292C}.Debug|Any CPU.Build.0 = Debug|Any CPU
		{95851C08-76D1-4345-A065-9A375765292C}.Release|Any CPU.ActiveCfg = Release|Any CPU
		{95851C08-76D1-4345-A065-9A375765292C}.Release|Any CPU.Build.0 = Release|Any CPU
	EndGlobalSection
	GlobalSection(SolutionProperties) = preSolution
		HideSolutionNode = FALSE
	EndGlobalSection
	GlobalSection(ExtensibilityGlobals) = postSolution
		SolutionGuid = {C981EFEE-B746-4BF8-ADB5-8A59A3B5CBAD}
	EndGlobalSection
EndGlobal
